// !$*UTF8*$!
{
	archiveVersion = 1;
	classes = {
	};
	objectVersion = 46;
	objects = {

/* Begin PBXBuildFile section */
		1446D4B318DE2F3A00F195E7 /* UZMultipleLayeredPopoverBackView.m in Sources */ = {isa = PBXBuildFile; fileRef = 1446D4B218DE2F3A00F195E7 /* UZMultipleLayeredPopoverBackView.m */; };
		1446D4B418DE2F3A00F195E7 /* UZMultipleLayeredPopoverBackView.m in Sources */ = {isa = PBXBuildFile; fileRef = 1446D4B218DE2F3A00F195E7 /* UZMultipleLayeredPopoverBackView.m */; };
		1446D4B718DF7D1100F195E7 /* UZMultipleLayeredContentBackView.m in Sources */ = {isa = PBXBuildFile; fileRef = 1446D4B618DF7D1100F195E7 /* UZMultipleLayeredContentBackView.m */; };
		1446D4B818DF7D1100F195E7 /* UZMultipleLayeredContentBackView.m in Sources */ = {isa = PBXBuildFile; fileRef = 1446D4B618DF7D1100F195E7 /* UZMultipleLayeredContentBackView.m */; };
		14A2B43B1909DA7D0015B24C /* UZMultipleLayeredPopoverController+original.m in Sources */ = {isa = PBXBuildFile; fileRef = 14A2B43A1909DA7D0015B24C /* UZMultipleLayeredPopoverController+original.m */; };
		14A2B43C1909DA7D0015B24C /* UZMultipleLayeredPopoverController+original.m in Sources */ = {isa = PBXBuildFile; fileRef = 14A2B43A1909DA7D0015B24C /* UZMultipleLayeredPopoverController+original.m */; };
		14FABC361874C00800121BF4 /* Foundation.framework in Frameworks */ = {isa = PBXBuildFile; fileRef = 14FABC351874C00800121BF4 /* Foundation.framework */; };
		14FABC3B1874C00800121BF4 /* UZMultipleLayeredPopoverController.h in CopyFiles */ = {isa = PBXBuildFile; fileRef = 14FABC3A1874C00800121BF4 /* UZMultipleLayeredPopoverController.h */; };
		14FABC3D1874C00800121BF4 /* UZMultipleLayeredPopoverController.m in Sources */ = {isa = PBXBuildFile; fileRef = 14FABC3C1874C00800121BF4 /* UZMultipleLayeredPopoverController.m */; };
		14FABCAD1874C09700121BF4 /* Foundation.framework in Frameworks */ = {isa = PBXBuildFile; fileRef = 14FABC351874C00800121BF4 /* Foundation.framework */; };
		14FABCAF1874C09700121BF4 /* CoreGraphics.framework in Frameworks */ = {isa = PBXBuildFile; fileRef = 14FABCAE1874C09700121BF4 /* CoreGraphics.framework */; };
		14FABCB01874C09700121BF4 /* UIKit.framework in Frameworks */ = {isa = PBXBuildFile; fileRef = 14FABC461874C00800121BF4 /* UIKit.framework */; };
		14FABCB61874C09700121BF4 /* InfoPlist.strings in Resources */ = {isa = PBXBuildFile; fileRef = 14FABCB41874C09700121BF4 /* InfoPlist.strings */; };
		14FABCB81874C09700121BF4 /* main.m in Sources */ = {isa = PBXBuildFile; fileRef = 14FABCB71874C09700121BF4 /* main.m */; };
		14FABCBC1874C09700121BF4 /* AppDelegate.m in Sources */ = {isa = PBXBuildFile; fileRef = 14FABCBB1874C09700121BF4 /* AppDelegate.m */; };
		14FABCBF1874C09700121BF4 /* Main_iPhone.storyboard in Resources */ = {isa = PBXBuildFile; fileRef = 14FABCBD1874C09700121BF4 /* Main_iPhone.storyboard */; };
		14FABCC21874C09700121BF4 /* Main_iPad.storyboard in Resources */ = {isa = PBXBuildFile; fileRef = 14FABCC01874C09700121BF4 /* Main_iPad.storyboard */; };
		14FABCC51874C09700121BF4 /* ViewController.m in Sources */ = {isa = PBXBuildFile; fileRef = 14FABCC41874C09700121BF4 /* ViewController.m */; };
		14FABCC71874C09700121BF4 /* Images.xcassets in Resources */ = {isa = PBXBuildFile; fileRef = 14FABCC61874C09700121BF4 /* Images.xcassets */; };
		14FABCE01874C1EF00121BF4 /* UZMultipleLayeredPopoverController.m in Sources */ = {isa = PBXBuildFile; fileRef = 14FABC3C1874C00800121BF4 /* UZMultipleLayeredPopoverController.m */; };
		14FABCE31874C50200121BF4 /* UZMultipleLayeredContentViewController.m in Sources */ = {isa = PBXBuildFile; fileRef = 14FABCE21874C50200121BF4 /* UZMultipleLayeredContentViewController.m */; };
		14FABCE41874C50200121BF4 /* UZMultipleLayeredContentViewController.m in Sources */ = {isa = PBXBuildFile; fileRef = 14FABCE21874C50200121BF4 /* UZMultipleLayeredContentViewController.m */; };
		14FABCE71874FB2700121BF4 /* MyTableViewController.m in Sources */ = {isa = PBXBuildFile; fileRef = 14FABCE61874FB2700121BF4 /* MyTableViewController.m */; };
		14FABCEA18750E8400121BF4 /* TapViewController.m in Sources */ = {isa = PBXBuildFile; fileRef = 14FABCE918750E8400121BF4 /* TapViewController.m */; };
		14FABCED18754CC200121BF4 /* UZMultipleLayeredPopoverBaseView.m in Sources */ = {isa = PBXBuildFile; fileRef = 14FABCEC18754CC200121BF4 /* UZMultipleLayeredPopoverBaseView.m */; };
		14FABCEE18754CC200121BF4 /* UZMultipleLayeredPopoverBaseView.m in Sources */ = {isa = PBXBuildFile; fileRef = 14FABCEC18754CC200121BF4 /* UZMultipleLayeredPopoverBaseView.m */; };
/* End PBXBuildFile section */

/* Begin PBXCopyFilesBuildPhase section */
		14FABC301874C00800121BF4 /* CopyFiles */ = {
			isa = PBXCopyFilesBuildPhase;
			buildActionMask = 2147483647;
			dstPath = "include/$(PRODUCT_NAME)";
			dstSubfolderSpec = 16;
			files = (
				14FABC3B1874C00800121BF4 /* UZMultipleLayeredPopoverController.h in CopyFiles */,
			);
			runOnlyForDeploymentPostprocessing = 0;
		};
/* End PBXCopyFilesBuildPhase section */

/* Begin PBXFileReference section */
		1446D4B118DE2F3A00F195E7 /* UZMultipleLayeredPopoverBackView.h */ = {isa = PBXFileReference; fileEncoding = 4; lastKnownFileType = sourcecode.c.h; path = UZMultipleLayeredPopoverBackView.h; sourceTree = "<group>"; };
		1446D4B218DE2F3A00F195E7 /* UZMultipleLayeredPopoverBackView.m */ = {isa = PBXFileReference; fileEncoding = 4; lastKnownFileType = sourcecode.c.objc; path = UZMultipleLayeredPopoverBackView.m; sourceTree = "<group>"; };
		1446D4B518DF7D1100F195E7 /* UZMultipleLayeredContentBackView.h */ = {isa = PBXFileReference; fileEncoding = 4; lastKnownFileType = sourcecode.c.h; path = UZMultipleLayeredContentBackView.h; sourceTree = "<group>"; };
		1446D4B618DF7D1100F195E7 /* UZMultipleLayeredContentBackView.m */ = {isa = PBXFileReference; fileEncoding = 4; lastKnownFileType = sourcecode.c.objc; path = UZMultipleLayeredContentBackView.m; sourceTree = "<group>"; };
		14605C08190B8B400086C192 /* SparkInspector.framework */ = {isa = PBXFileReference; lastKnownFileType = wrapper.framework; name = SparkInspector.framework; path = "../../../../Applications/Spark Inspector.app/Contents/Resources/Frameworks/SparkInspector.framework"; sourceTree = "<group>"; };
		14A2B4391909DA7D0015B24C /* UZMultipleLayeredPopoverController+original.h */ = {isa = PBXFileReference; fileEncoding = 4; lastKnownFileType = sourcecode.c.h; path = "UZMultipleLayeredPopoverController+original.h"; sourceTree = "<group>"; };
		14A2B43A1909DA7D0015B24C /* UZMultipleLayeredPopoverController+original.m */ = {isa = PBXFileReference; fileEncoding = 4; lastKnownFileType = sourcecode.c.objc; path = "UZMultipleLayeredPopoverController+original.m"; sourceTree = "<group>"; };
		14F1F821187FE23A00BB9B0F /* UZMultipleLayeredPopoverController-Prefix.pch */ = {isa = PBXFileReference; fileEncoding = 4; lastKnownFileType = sourcecode.c.h; path = "UZMultipleLayeredPopoverController-Prefix.pch"; sourceTree = "<group>"; };
		14FABC321874C00800121BF4 /* libUZMultipleLayeredPopoverController.a */ = {isa = PBXFileReference; explicitFileType = archive.ar; includeInIndex = 0; path = libUZMultipleLayeredPopoverController.a; sourceTree = BUILT_PRODUCTS_DIR; };
		14FABC351874C00800121BF4 /* Foundation.framework */ = {isa = PBXFileReference; lastKnownFileType = wrapper.framework; name = Foundation.framework; path = System/Library/Frameworks/Foundation.framework; sourceTree = SDKROOT; };
		14FABC3A1874C00800121BF4 /* UZMultipleLayeredPopoverController.h */ = {isa = PBXFileReference; lastKnownFileType = sourcecode.c.h; path = UZMultipleLayeredPopoverController.h; sourceTree = "<group>"; };
		14FABC3C1874C00800121BF4 /* UZMultipleLayeredPopoverController.m */ = {isa = PBXFileReference; lastKnownFileType = sourcecode.c.objc; path = UZMultipleLayeredPopoverController.m; sourceTree = "<group>"; };
		14FABC431874C00800121BF4 /* XCTest.framework */ = {isa = PBXFileReference; lastKnownFileType = wrapper.framework; name = XCTest.framework; path = Library/Frameworks/XCTest.framework; sourceTree = DEVELOPER_DIR; };
		14FABC461874C00800121BF4 /* UIKit.framework */ = {isa = PBXFileReference; lastKnownFileType = wrapper.framework; name = UIKit.framework; path = Library/Frameworks/UIKit.framework; sourceTree = DEVELOPER_DIR; };
		14FABCAC1874C09700121BF4 /* UZMultipleLayeredPopoverControllerSample.app */ = {isa = PBXFileReference; explicitFileType = wrapper.application; includeInIndex = 0; path = UZMultipleLayeredPopoverControllerSample.app; sourceTree = BUILT_PRODUCTS_DIR; };
		14FABCAE1874C09700121BF4 /* CoreGraphics.framework */ = {isa = PBXFileReference; lastKnownFileType = wrapper.framework; name = CoreGraphics.framework; path = System/Library/Frameworks/CoreGraphics.framework; sourceTree = SDKROOT; };
		14FABCB31874C09700121BF4 /* UZMultipleLayeredPopoverControllerSample-Info.plist */ = {isa = PBXFileReference; lastKnownFileType = text.plist.xml; path = "UZMultipleLayeredPopoverControllerSample-Info.plist"; sourceTree = "<group>"; };
		14FABCB51874C09700121BF4 /* en */ = {isa = PBXFileReference; lastKnownFileType = text.plist.strings; name = en; path = en.lproj/InfoPlist.strings; sourceTree = "<group>"; };
		14FABCB71874C09700121BF4 /* main.m */ = {isa = PBXFileReference; lastKnownFileType = sourcecode.c.objc; path = main.m; sourceTree = "<group>"; };
		14FABCBA1874C09700121BF4 /* AppDelegate.h */ = {isa = PBXFileReference; lastKnownFileType = sourcecode.c.h; path = AppDelegate.h; sourceTree = "<group>"; };
		14FABCBB1874C09700121BF4 /* AppDelegate.m */ = {isa = PBXFileReference; lastKnownFileType = sourcecode.c.objc; path = AppDelegate.m; sourceTree = "<group>"; };
		14FABCBE1874C09700121BF4 /* Base */ = {isa = PBXFileReference; lastKnownFileType = file.storyboard; name = Base; path = Base.lproj/Main_iPhone.storyboard; sourceTree = "<group>"; };
		14FABCC11874C09700121BF4 /* Base */ = {isa = PBXFileReference; lastKnownFileType = file.storyboard; name = Base; path = Base.lproj/Main_iPad.storyboard; sourceTree = "<group>"; };
		14FABCC31874C09700121BF4 /* ViewController.h */ = {isa = PBXFileReference; lastKnownFileType = sourcecode.c.h; path = ViewController.h; sourceTree = "<group>"; };
		14FABCC41874C09700121BF4 /* ViewController.m */ = {isa = PBXFileReference; lastKnownFileType = sourcecode.c.objc; path = ViewController.m; sourceTree = "<group>"; };
		14FABCC61874C09700121BF4 /* Images.xcassets */ = {isa = PBXFileReference; lastKnownFileType = folder.assetcatalog; path = Images.xcassets; sourceTree = "<group>"; };
		14FABCE11874C50200121BF4 /* UZMultipleLayeredContentViewController.h */ = {isa = PBXFileReference; fileEncoding = 4; lastKnownFileType = sourcecode.c.h; path = UZMultipleLayeredContentViewController.h; sourceTree = "<group>"; };
		14FABCE21874C50200121BF4 /* UZMultipleLayeredContentViewController.m */ = {isa = PBXFileReference; fileEncoding = 4; lastKnownFileType = sourcecode.c.objc; path = UZMultipleLayeredContentViewController.m; sourceTree = "<group>"; };
		14FABCE51874FB2700121BF4 /* MyTableViewController.h */ = {isa = PBXFileReference; fileEncoding = 4; lastKnownFileType = sourcecode.c.h; path = MyTableViewController.h; sourceTree = "<group>"; };
		14FABCE61874FB2700121BF4 /* MyTableViewController.m */ = {isa = PBXFileReference; fileEncoding = 4; lastKnownFileType = sourcecode.c.objc; path = MyTableViewController.m; sourceTree = "<group>"; };
		14FABCE818750E8400121BF4 /* TapViewController.h */ = {isa = PBXFileReference; fileEncoding = 4; lastKnownFileType = sourcecode.c.h; path = TapViewController.h; sourceTree = "<group>"; };
		14FABCE918750E8400121BF4 /* TapViewController.m */ = {isa = PBXFileReference; fileEncoding = 4; lastKnownFileType = sourcecode.c.objc; path = TapViewController.m; sourceTree = "<group>"; };
		14FABCEB18754CC200121BF4 /* UZMultipleLayeredPopoverBaseView.h */ = {isa = PBXFileReference; fileEncoding = 4; lastKnownFileType = sourcecode.c.h; path = UZMultipleLayeredPopoverBaseView.h; sourceTree = "<group>"; };
		14FABCEC18754CC200121BF4 /* UZMultipleLayeredPopoverBaseView.m */ = {isa = PBXFileReference; fileEncoding = 4; lastKnownFileType = sourcecode.c.objc; path = UZMultipleLayeredPopoverBaseView.m; sourceTree = "<group>"; };
/* End PBXFileReference section */

/* Begin PBXFrameworksBuildPhase section */
		14FABC2F1874C00800121BF4 /* Frameworks */ = {
			isa = PBXFrameworksBuildPhase;
			buildActionMask = 2147483647;
			files = (
				14FABC361874C00800121BF4 /* Foundation.framework in Frameworks */,
			);
			runOnlyForDeploymentPostprocessing = 0;
		};
		14FABCA91874C09700121BF4 /* Frameworks */ = {
			isa = PBXFrameworksBuildPhase;
			buildActionMask = 2147483647;
			files = (
				14FABCAF1874C09700121BF4 /* CoreGraphics.framework in Frameworks */,
				14FABCB01874C09700121BF4 /* UIKit.framework in Frameworks */,
				14FABCAD1874C09700121BF4 /* Foundation.framework in Frameworks */,
			);
			runOnlyForDeploymentPostprocessing = 0;
		};
/* End PBXFrameworksBuildPhase section */

/* Begin PBXGroup section */
		14FABC291874C00800121BF4 = {
			isa = PBXGroup;
			children = (
				14FABC371874C00800121BF4 /* UZMultipleLayeredPopoverController */,
				14FABCB11874C09700121BF4 /* UZMultipleLayeredPopoverControllerSample */,
				14FABC341874C00800121BF4 /* Frameworks */,
				14FABC331874C00800121BF4 /* Products */,
			);
			sourceTree = "<group>";
		};
		14FABC331874C00800121BF4 /* Products */ = {
			isa = PBXGroup;
			children = (
				14FABC321874C00800121BF4 /* libUZMultipleLayeredPopoverController.a */,
				14FABCAC1874C09700121BF4 /* UZMultipleLayeredPopoverControllerSample.app */,
			);
			name = Products;
			sourceTree = "<group>";
		};
		14FABC341874C00800121BF4 /* Frameworks */ = {
			isa = PBXGroup;
			children = (
				14605C08190B8B400086C192 /* SparkInspector.framework */,
				14FABC351874C00800121BF4 /* Foundation.framework */,
				14FABC431874C00800121BF4 /* XCTest.framework */,
				14FABC461874C00800121BF4 /* UIKit.framework */,
				14FABCAE1874C09700121BF4 /* CoreGraphics.framework */,
			);
			name = Frameworks;
			sourceTree = "<group>";
		};
		14FABC371874C00800121BF4 /* UZMultipleLayeredPopoverController */ = {
			isa = PBXGroup;
			children = (
				1446D4B518DF7D1100F195E7 /* UZMultipleLayeredContentBackView.h */,
				1446D4B618DF7D1100F195E7 /* UZMultipleLayeredContentBackView.m */,
				1446D4B118DE2F3A00F195E7 /* UZMultipleLayeredPopoverBackView.h */,
				1446D4B218DE2F3A00F195E7 /* UZMultipleLayeredPopoverBackView.m */,
				14FABC3A1874C00800121BF4 /* UZMultipleLayeredPopoverController.h */,
				14FABC3C1874C00800121BF4 /* UZMultipleLayeredPopoverController.m */,
				14A2B4391909DA7D0015B24C /* UZMultipleLayeredPopoverController+original.h */,
				14A2B43A1909DA7D0015B24C /* UZMultipleLayeredPopoverController+original.m */,
				14FABCE11874C50200121BF4 /* UZMultipleLayeredContentViewController.h */,
				14FABCE21874C50200121BF4 /* UZMultipleLayeredContentViewController.m */,
				14FABCEB18754CC200121BF4 /* UZMultipleLayeredPopoverBaseView.h */,
				14FABCEC18754CC200121BF4 /* UZMultipleLayeredPopoverBaseView.m */,
			);
			path = UZMultipleLayeredPopoverController;
			sourceTree = "<group>";
		};
		14FABCB11874C09700121BF4 /* UZMultipleLayeredPopoverControllerSample */ = {
			isa = PBXGroup;
			children = (
				14F1F821187FE23A00BB9B0F /* UZMultipleLayeredPopoverController-Prefix.pch */,
				14FABCBA1874C09700121BF4 /* AppDelegate.h */,
				14FABCBB1874C09700121BF4 /* AppDelegate.m */,
				14FABCBD1874C09700121BF4 /* Main_iPhone.storyboard */,
				14FABCC01874C09700121BF4 /* Main_iPad.storyboard */,
				14FABCE818750E8400121BF4 /* TapViewController.h */,
				14FABCE918750E8400121BF4 /* TapViewController.m */,
				14FABCC31874C09700121BF4 /* ViewController.h */,
				14FABCC41874C09700121BF4 /* ViewController.m */,
				14FABCE51874FB2700121BF4 /* MyTableViewController.h */,
				14FABCE61874FB2700121BF4 /* MyTableViewController.m */,
				14FABCC61874C09700121BF4 /* Images.xcassets */,
				14FABCB21874C09700121BF4 /* Supporting Files */,
			);
			path = UZMultipleLayeredPopoverControllerSample;
			sourceTree = "<group>";
		};
		14FABCB21874C09700121BF4 /* Supporting Files */ = {
			isa = PBXGroup;
			children = (
				14FABCB31874C09700121BF4 /* UZMultipleLayeredPopoverControllerSample-Info.plist */,
				14FABCB41874C09700121BF4 /* InfoPlist.strings */,
				14FABCB71874C09700121BF4 /* main.m */,
			);
			name = "Supporting Files";
			sourceTree = "<group>";
		};
/* End PBXGroup section */

/* Begin PBXNativeTarget section */
		14FABC311874C00800121BF4 /* UZMultipleLayeredPopoverController */ = {
			isa = PBXNativeTarget;
			buildConfigurationList = 14FABC551874C00800121BF4 /* Build configuration list for PBXNativeTarget "UZMultipleLayeredPopoverController" */;
			buildPhases = (
				14FABC2E1874C00800121BF4 /* Sources */,
				14FABC2F1874C00800121BF4 /* Frameworks */,
				14FABC301874C00800121BF4 /* CopyFiles */,
				14A2B4371909BDC00015B24C /* ShellScript */,
			);
			buildRules = (
			);
			dependencies = (
			);
			name = UZMultipleLayeredPopoverController;
			productName = UZMultipleLayeredPopoverController;
			productReference = 14FABC321874C00800121BF4 /* libUZMultipleLayeredPopoverController.a */;
			productType = "com.apple.product-type.library.static";
		};
		14FABCAB1874C09700121BF4 /* UZMultipleLayeredPopoverControllerSample */ = {
			isa = PBXNativeTarget;
			buildConfigurationList = 14FABCDA1874C09800121BF4 /* Build configuration list for PBXNativeTarget "UZMultipleLayeredPopoverControllerSample" */;
			buildPhases = (
				14FABCA81874C09700121BF4 /* Sources */,
				14FABCA91874C09700121BF4 /* Frameworks */,
				14FABCAA1874C09700121BF4 /* Resources */,
			);
			buildRules = (
			);
			dependencies = (
			);
			name = UZMultipleLayeredPopoverControllerSample;
			productName = UZMultipleLayeredPopoverControllerSample;
			productReference = 14FABCAC1874C09700121BF4 /* UZMultipleLayeredPopoverControllerSample.app */;
			productType = "com.apple.product-type.application";
		};
/* End PBXNativeTarget section */

/* Begin PBXProject section */
		14FABC2A1874C00800121BF4 /* Project object */ = {
			isa = PBXProject;
			attributes = {
				LastUpgradeCheck = 0510;
				ORGANIZATIONNAME = sonson;
			};
			buildConfigurationList = 14FABC2D1874C00800121BF4 /* Build configuration list for PBXProject "UZMultipleLayeredPopoverController" */;
			compatibilityVersion = "Xcode 3.2";
			developmentRegion = English;
			hasScannedForEncodings = 0;
			knownRegions = (
				en,
				Base,
			);
			mainGroup = 14FABC291874C00800121BF4;
			productRefGroup = 14FABC331874C00800121BF4 /* Products */;
			projectDirPath = "";
			projectRoot = "";
			targets = (
				14FABC311874C00800121BF4 /* UZMultipleLayeredPopoverController */,
				14FABCAB1874C09700121BF4 /* UZMultipleLayeredPopoverControllerSample */,
			);
		};
/* End PBXProject section */

/* Begin PBXResourcesBuildPhase section */
		14FABCAA1874C09700121BF4 /* Resources */ = {
			isa = PBXResourcesBuildPhase;
			buildActionMask = 2147483647;
			files = (
				14FABCC21874C09700121BF4 /* Main_iPad.storyboard in Resources */,
				14FABCC71874C09700121BF4 /* Images.xcassets in Resources */,
				14FABCBF1874C09700121BF4 /* Main_iPhone.storyboard in Resources */,
				14FABCB61874C09700121BF4 /* InfoPlist.strings in Resources */,
			);
			runOnlyForDeploymentPostprocessing = 0;
		};
/* End PBXResourcesBuildPhase section */

/* Begin PBXShellScriptBuildPhase section */
		14A2B4371909BDC00015B24C /* ShellScript */ = {
			isa = PBXShellScriptBuildPhase;
			buildActionMask = 2147483647;
			files = (
			);
			inputPaths = (
			);
			outputPaths = (
			);
			runOnlyForDeploymentPostprocessing = 0;
			shellPath = /bin/sh;
			shellScript = "if [ -x /usr/local/bin/appledoc ]; then\necho \"appledoc is found and executable, will start to create documentation.\"\n/usr/local/bin/appledoc --project-name UZMultipleLayeredPopoverController --project-company sonson --create-html --no-create-docset --no-repeat-first-par --output $SRCROOT ./UZMultipleLayeredPopoverController/UZMultipleLayeredPopoverController.h\nelse\necho \"appledoc is not found\"\nfi  ";
		};
/* End PBXShellScriptBuildPhase section */

/* Begin PBXSourcesBuildPhase section */
		14FABC2E1874C00800121BF4 /* Sources */ = {
			isa = PBXSourcesBuildPhase;
			buildActionMask = 2147483647;
			files = (
				14FABCE31874C50200121BF4 /* UZMultipleLayeredContentViewController.m in Sources */,
				1446D4B318DE2F3A00F195E7 /* UZMultipleLayeredPopoverBackView.m in Sources */,
				14A2B43B1909DA7D0015B24C /* UZMultipleLayeredPopoverController+original.m in Sources */,
				14FABC3D1874C00800121BF4 /* UZMultipleLayeredPopoverController.m in Sources */,
				14FABCED18754CC200121BF4 /* UZMultipleLayeredPopoverBaseView.m in Sources */,
				1446D4B718DF7D1100F195E7 /* UZMultipleLayeredContentBackView.m in Sources */,
			);
			runOnlyForDeploymentPostprocessing = 0;
		};
		14FABCA81874C09700121BF4 /* Sources */ = {
			isa = PBXSourcesBuildPhase;
			buildActionMask = 2147483647;
			files = (
				14FABCC51874C09700121BF4 /* ViewController.m in Sources */,
				14FABCE41874C50200121BF4 /* UZMultipleLayeredContentViewController.m in Sources */,
				14FABCBC1874C09700121BF4 /* AppDelegate.m in Sources */,
				14FABCEE18754CC200121BF4 /* UZMultipleLayeredPopoverBaseView.m in Sources */,
				14FABCE71874FB2700121BF4 /* MyTableViewController.m in Sources */,
				14FABCEA18750E8400121BF4 /* TapViewController.m in Sources */,
				14FABCB81874C09700121BF4 /* main.m in Sources */,
				14A2B43C1909DA7D0015B24C /* UZMultipleLayeredPopoverController+original.m in Sources */,
				14FABCE01874C1EF00121BF4 /* UZMultipleLayeredPopoverController.m in Sources */,
				1446D4B418DE2F3A00F195E7 /* UZMultipleLayeredPopoverBackView.m in Sources */,
				1446D4B818DF7D1100F195E7 /* UZMultipleLayeredContentBackView.m in Sources */,
			);
			runOnlyForDeploymentPostprocessing = 0;
		};
/* End PBXSourcesBuildPhase section */

/* Begin PBXVariantGroup section */
		14FABCB41874C09700121BF4 /* InfoPlist.strings */ = {
			isa = PBXVariantGroup;
			children = (
				14FABCB51874C09700121BF4 /* en */,
			);
			name = InfoPlist.strings;
			sourceTree = "<group>";
		};
		14FABCBD1874C09700121BF4 /* Main_iPhone.storyboard */ = {
			isa = PBXVariantGroup;
			children = (
				14FABCBE1874C09700121BF4 /* Base */,
			);
			name = Main_iPhone.storyboard;
			sourceTree = "<group>";
		};
		14FABCC01874C09700121BF4 /* Main_iPad.storyboard */ = {
			isa = PBXVariantGroup;
			children = (
				14FABCC11874C09700121BF4 /* Base */,
			);
			name = Main_iPad.storyboard;
			sourceTree = "<group>";
		};
/* End PBXVariantGroup section */

/* Begin XCBuildConfiguration section */
		14FABC531874C00800121BF4 /* Debug */ = {
			isa = XCBuildConfiguration;
			buildSettings = {
				ALWAYS_SEARCH_USER_PATHS = NO;
				CLANG_CXX_LANGUAGE_STANDARD = "gnu++0x";
				CLANG_CXX_LIBRARY = "libc++";
				CLANG_ENABLE_MODULES = YES;
				CLANG_ENABLE_OBJC_ARC = YES;
				CLANG_WARN_BOOL_CONVERSION = YES;
				CLANG_WARN_CONSTANT_CONVERSION = YES;
				CLANG_WARN_DIRECT_OBJC_ISA_USAGE = YES_ERROR;
				CLANG_WARN_EMPTY_BODY = YES;
				CLANG_WARN_ENUM_CONVERSION = YES;
				CLANG_WARN_INT_CONVERSION = YES;
				CLANG_WARN_OBJC_ROOT_CLASS = YES_ERROR;
				CLANG_WARN__DUPLICATE_METHOD_MATCH = YES;
				CODE_SIGN_IDENTITY = "iPhone Developer: Yuichi Yoshida (AK9FYY958C)";
				COPY_PHASE_STRIP = NO;
				GCC_C_LANGUAGE_STANDARD = gnu99;
				GCC_DYNAMIC_NO_PIC = NO;
				GCC_OPTIMIZATION_LEVEL = 0;
				GCC_PREPROCESSOR_DEFINITIONS = (
					"DEBUG=1",
					"$(inherited)",
				);
				GCC_SYMBOLS_PRIVATE_EXTERN = NO;
				GCC_WARN_64_TO_32_BIT_CONVERSION = YES;
				GCC_WARN_ABOUT_RETURN_TYPE = YES_ERROR;
				GCC_WARN_UNDECLARED_SELECTOR = YES;
				GCC_WARN_UNINITIALIZED_AUTOS = YES;
				GCC_WARN_UNUSED_FUNCTION = YES;
				GCC_WARN_UNUSED_VARIABLE = YES;
				IPHONEOS_DEPLOYMENT_TARGET = 7.0;
				ONLY_ACTIVE_ARCH = YES;
				PROVISIONING_PROFILE = "D19C9C30-9EAF-4B36-8175-CE52316DD83E";
				SDKROOT = iphoneos;
			};
			name = Debug;
		};
		14FABC541874C00800121BF4 /* Release */ = {
			isa = XCBuildConfiguration;
			buildSettings = {
				ALWAYS_SEARCH_USER_PATHS = NO;
				CLANG_CXX_LANGUAGE_STANDARD = "gnu++0x";
				CLANG_CXX_LIBRARY = "libc++";
				CLANG_ENABLE_MODULES = YES;
				CLANG_ENABLE_OBJC_ARC = YES;
				CLANG_WARN_BOOL_CONVERSION = YES;
				CLANG_WARN_CONSTANT_CONVERSION = YES;
				CLANG_WARN_DIRECT_OBJC_ISA_USAGE = YES_ERROR;
				CLANG_WARN_EMPTY_BODY = YES;
				CLANG_WARN_ENUM_CONVERSION = YES;
				CLANG_WARN_INT_CONVERSION = YES;
				CLANG_WARN_OBJC_ROOT_CLASS = YES_ERROR;
				CLANG_WARN__DUPLICATE_METHOD_MATCH = YES;
				CODE_SIGN_IDENTITY = "iPhone Developer: Yuichi Yoshida (AK9FYY958C)";
				COPY_PHASE_STRIP = YES;
				ENABLE_NS_ASSERTIONS = NO;
				GCC_C_LANGUAGE_STANDARD = gnu99;
				GCC_WARN_64_TO_32_BIT_CONVERSION = YES;
				GCC_WARN_ABOUT_RETURN_TYPE = YES_ERROR;
				GCC_WARN_UNDECLARED_SELECTOR = YES;
				GCC_WARN_UNINITIALIZED_AUTOS = YES;
				GCC_WARN_UNUSED_FUNCTION = YES;
				GCC_WARN_UNUSED_VARIABLE = YES;
				IPHONEOS_DEPLOYMENT_TARGET = 7.0;
				PROVISIONING_PROFILE = "D19C9C30-9EAF-4B36-8175-CE52316DD83E";
				SDKROOT = iphoneos;
				VALIDATE_PRODUCT = YES;
			};
			name = Release;
		};
		14FABC561874C00800121BF4 /* Debug */ = {
			isa = XCBuildConfiguration;
			buildSettings = {
				DSTROOT = /tmp/UZMultipleLayeredPopoverController.dst;
				GCC_PRECOMPILE_PREFIX_HEADER = YES;
				GCC_PREFIX_HEADER = "UZMultipleLayeredPopoverControllerSample/UZMultipleLayeredPopoverController-Prefix.pch";
				OTHER_LDFLAGS = "-ObjC";
				PRODUCT_NAME = "$(TARGET_NAME)";
				SKIP_INSTALL = YES;
			};
			name = Debug;
		};
		14FABC571874C00800121BF4 /* Release */ = {
			isa = XCBuildConfiguration;
			buildSettings = {
				DSTROOT = /tmp/UZMultipleLayeredPopoverController.dst;
				GCC_PRECOMPILE_PREFIX_HEADER = YES;
				GCC_PREFIX_HEADER = "UZMultipleLayeredPopoverControllerSample/UZMultipleLayeredPopoverController-Prefix.pch";
				OTHER_LDFLAGS = "-ObjC";
				PRODUCT_NAME = "$(TARGET_NAME)";
				SKIP_INSTALL = YES;
			};
			name = Release;
		};
		14FABCDB1874C09800121BF4 /* Debug */ = {
			isa = XCBuildConfiguration;
			buildSettings = {
				ASSETCATALOG_COMPILER_APPICON_NAME = AppIcon;
				ASSETCATALOG_COMPILER_LAUNCHIMAGE_NAME = LaunchImage;
				CODE_SIGN_IDENTITY = "iPhone Developer: Yuichi Yoshida (AK9FYY958C)";
				"CODE_SIGN_IDENTITY[sdk=iphoneos*]" = "iPhone Developer";
				FRAMEWORK_SEARCH_PATHS = (
					"$(inherited)",
					"$(DEVELOPER_FRAMEWORKS_DIR)",
					"$(SYSTEM_APPS_DIR)/Spark",
					Inspector.app/Contents/Resources/Frameworks,
				);
				GCC_PRECOMPILE_PREFIX_HEADER = YES;
				GCC_PREFIX_HEADER = "UZMultipleLayeredPopoverControllerSample/UZMultipleLayeredPopoverController-Prefix.pch";
				GCC_PREPROCESSOR_DEFINITIONS = (
					"DEBUG=1",
					"$(inherited)",
					_DEBUG,
				);
				INFOPLIST_FILE = "UZMultipleLayeredPopoverControllerSample/UZMultipleLayeredPopoverControllerSample-Info.plist";
				PRODUCT_NAME = "$(TARGET_NAME)";
				PROVISIONING_PROFILE = "08F465F0-6BF4-46A7-9A39-973363FCE296";
				TARGETED_DEVICE_FAMILY = "1,2";
				WRAPPER_EXTENSION = app;
			};
			name = Debug;
		};
		14FABCDC1874C09800121BF4 /* Release */ = {
			isa = XCBuildConfiguration;
			buildSettings = {
				ASSETCATALOG_COMPILER_APPICON_NAME = AppIcon;
				ASSETCATALOG_COMPILER_LAUNCHIMAGE_NAME = LaunchImage;
				CODE_SIGN_IDENTITY = "iPhone Developer: Yuichi Yoshida (AK9FYY958C)";
				"CODE_SIGN_IDENTITY[sdk=iphoneos*]" = "iPhone Developer";
				FRAMEWORK_SEARCH_PATHS = (
					"$(inherited)",
					"$(DEVELOPER_FRAMEWORKS_DIR)",
					"$(SYSTEM_APPS_DIR)/Spark",
					Inspector.app/Contents/Resources/Frameworks,
				);
				GCC_PRECOMPILE_PREFIX_HEADER = YES;
				GCC_PREFIX_HEADER = "UZMultipleLayeredPopoverControllerSample/UZMultipleLayeredPopoverController-Prefix.pch";
				INFOPLIST_FILE = "UZMultipleLayeredPopoverControllerSample/UZMultipleLayeredPopoverControllerSample-Info.plist";
				PRODUCT_NAME = "$(TARGET_NAME)";
				PROVISIONING_PROFILE = "08F465F0-6BF4-46A7-9A39-973363FCE296";
				TARGETED_DEVICE_FAMILY = "1,2";
				WRAPPER_EXTENSION = app;
			};
			name = Release;
		};
/* End XCBuildConfiguration section */

/* Begin XCConfigurationList section */
		14FABC2D1874C00800121BF4 /* Build configuration list for PBXProject "UZMultipleLayeredPopoverController" */ = {
			isa = XCConfigurationList;
			buildConfigurations = (
				14FABC531874C00800121BF4 /* Debug */,
				14FABC541874C00800121BF4 /* Release */,
			);
			defaultConfigurationIsVisible = 0;
			defaultConfigurationName = Release;
		};
		14FABC551874C00800121BF4 /* Build configuration list for PBXNativeTarget "UZMultipleLayeredPopoverController" */ = {
			isa = XCConfigurationList;
			buildConfigurations = (
				14FABC561874C00800121BF4 /* Debug */,
				14FABC571874C00800121BF4 /* Release */,
			);
			defaultConfigurationIsVisible = 0;
			defaultConfigurationName = Release;
		};
		14FABCDA1874C09800121BF4 /* Build configuration list for PBXNativeTarget "UZMultipleLayeredPopoverControllerSample" */ = {
			isa = XCConfigurationList;
			buildConfigurations = (
				14FABCDB1874C09800121BF4 /* Debug */,
				14FABCDC1874C09800121BF4 /* Release */,
			);
			defaultConfigurationIsVisible = 0;
			defaultConfigurationName = Release;
		};
/* End XCConfigurationList section */
	};
	rootObject = 14FABC2A1874C00800121BF4 /* Project object */;
}
